<?xml version="1.0" encoding="utf-8"?>
<Project ToolsVersion="4.0" xmlns="http://schemas.microsoft.com/developer/msbuild/2003">
  <ItemGroup>
    <Filter Include="Source Files">
      <UniqueIdentifier>{4FC737F1-C7A5-4376-A066-2A32D752A2FF}</UniqueIdentifier>
      <Extensions>cpp;c;cc;cxx;def;odl;idl;hpj;bat;asm;asmx</Extensions>
    </Filter>
    <Filter Include="Header Files">
      <UniqueIdentifier>{93995380-89BD-4b04-88EB-625FBE52EBFB}</UniqueIdentifier>
      <Extensions>h;hpp;hxx;hm;inl;inc;xsd</Extensions>
    </Filter>
    <Filter Include="Resource Files">
      <UniqueIdentifier>{67DA6AB6-F800-4c08-8B7A-83BB121AAD01}</UniqueIdentifier>
      <Extensions>rc;ico;cur;bmp;dlg;rc2;rct;bin;rgs;gif;jpg;jpeg;jpe;resx;tiff;tif;png;wav;mfcribbon-ms</Extensions>
    </Filter>
  </ItemGroup>
  <ItemGroup>
    <None Include="ReadMe.txt" />
    <None Include="app.ico">
      <Filter>Resource Files</Filter>
    </None>
  </ItemGroup>
  <ItemGroup>
    <ClCompile Include="BrainthreadIDE.cpp">
      <Filter>Source Files</Filter>
    </ClCompile>
    <ClCompile Include="AssemblyInfo.cpp">
      <Filter>Source Files</Filter>
    </ClCompile>
    <ClCompile Include="stdafx.cpp">
      <Filter>Source Files</Filter>
    </ClCompile>
    <ClCompile Include="SyntaxHighLighter.cpp">
      <Filter>Source Files</Filter>
    </ClCompile>
    <ClCompile Include="WorkContexts.cpp">
      <Filter>Source Files</Filter>
    </ClCompile>
    <ClCompile Include="OutputLister.cpp">
      <Filter>Source Files</Filter>
    </ClCompile>
    <ClCompile Include="launchers\CodeAnalysisProcess.cpp">
      <Filter>Source Files</Filter>
    </ClCompile>
    <ClCompile Include="launchers\RunCodeProcess.cpp">
      <Filter>Source Files</Filter>
    </ClCompile>
    <ClCompile Include="launchers\InterpreterProcess.cpp">
      <Filter>Source Files</Filter>
    </ClCompile>
    <ClCompile Include="launchers\RunCodeRedirectionProcess.cpp">
      <Filter>Source Files</Filter>
    </ClCompile>
    <ClCompile Include="launchers\CodeParseProcess.cpp">
      <Filter>Source Files</Filter>
    </ClCompile>
    <ClCompile Include="options\GlobalOptions.cpp">
      <Filter>Source Files</Filter>
    </ClCompile>
    <ClCompile Include="options\PageSettings.cpp">
      <Filter>Source Files</Filter>
    </ClCompile>
    <ClCompile Include="launchers\DebugCodeProcess.cpp">
      <Filter>Source Files</Filter>
    </ClCompile>
    <ClCompile Include="debugger\unmanaged\DebuggerLoop.cpp">
      <Filter>Source Files</Filter>
    </ClCompile>
    <ClCompile Include="debugger\Debugger.cpp">
      <Filter>Source Files</Filter>
    </ClCompile>
    <ClCompile Include="debugger\unmanaged\Breakpoint.cpp">
      <Filter>Source Files</Filter>
    </ClCompile>
    <ClCompile Include="options\OptiomField.cpp">
      <Filter>Source Files</Filter>
    </ClCompile>
    <ClCompile Include="debugger\unmanaged\btheaders\DebugTimeException.cpp">
      <Filter>Source Files</Filter>
    </ClCompile>
    <ClCompile Include="FormTrap.cpp">
      <Filter>Source Files</Filter>
    </ClCompile>
    <ClCompile Include="helpers\BtConstantsGenerator.cpp">
      <Filter>Source Files</Filter>
    </ClCompile>
    <ClCompile Include="helpers\BtOutputGenerator.cpp">
      <Filter>Source Files</Filter>
    </ClCompile>
    <ClCompile Include="launchers\IDEInitProcess.cpp">
      <Filter>Source Files</Filter>
    </ClCompile>
    <ClCompile Include="debugger\ThreadState.cpp">
      <Filter>Source Files</Filter>
    </ClCompile>
    <ClCompile Include="debugger\ThreadMonitor.cpp">
      <Filter>Source Files</Filter>
    </ClCompile>
  </ItemGroup>
  <ItemGroup>
    <ClInclude Include="stdafx.h">
      <Filter>Header Files</Filter>
    </ClInclude>
    <ClInclude Include="resource.h">
      <Filter>Header Files</Filter>
    </ClInclude>
    <ClInclude Include="FormMain.h">
      <Filter>Header Files</Filter>
    </ClInclude>
    <ClInclude Include="SyntaxHighLighter.h">
      <Filter>Header Files</Filter>
    </ClInclude>
    <ClInclude Include="WorkContexts.h">
      <Filter>Header Files</Filter>
    </ClInclude>
    <ClInclude Include="OutputLister.h">
      <Filter>Header Files</Filter>
    </ClInclude>
    <ClInclude Include="FormOptions.h">
      <Filter>Header Files</Filter>
    </ClInclude>
    <ClInclude Include="launchers\CodeAnalysisProcess.h">
      <Filter>Header Files</Filter>
    </ClInclude>
    <ClInclude Include="launchers\InterpreterProcess.h">
      <Filter>Header Files</Filter>
    </ClInclude>
    <ClInclude Include="launchers\RunCodeProcess.h">
      <Filter>Header Files</Filter>
    </ClInclude>
    <ClInclude Include="launchers\RunCodeRedirectionProcess.h">
      <Filter>Header Files</Filter>
    </ClInclude>
    <ClInclude Include="factories\FileContextFactory.h">
      <Filter>Header Files</Filter>
    </ClInclude>
    <ClInclude Include="factories\RunProcessFactory.h">
      <Filter>Header Files</Filter>
    </ClInclude>
    <ClInclude Include="factories\SyntaxHighlighterFactory.h">
      <Filter>Header Files</Filter>
    </ClInclude>
    <ClInclude Include="launchers\RunCodeSeparateProcess.h">
      <Filter>Header Files</Filter>
    </ClInclude>
    <ClInclude Include="launchers\CodeParseProcess.h">
      <Filter>Header Files</Filter>
    </ClInclude>
    <ClInclude Include="options\GlobalOptions.h">
      <Filter>Header Files</Filter>
    </ClInclude>
    <ClInclude Include="file_io\FileContext.h">
      <Filter>Header Files</Filter>
    </ClInclude>
    <ClInclude Include="file_io\ProjectFileContext.h">
      <Filter>Header Files</Filter>
    </ClInclude>
    <ClInclude Include="file_io\CodeFileContext.h">
      <Filter>Header Files</Filter>
    </ClInclude>
    <ClInclude Include="file_io\XMLFileContext.h">
      <Filter>Header Files</Filter>
    </ClInclude>
    <ClInclude Include="file_io\ProjectSettingsFileContext.h">
      <Filter>Header Files</Filter>
    </ClInclude>
    <ClInclude Include="helpers\InputCharFormatter.h">
      <Filter>Header Files</Filter>
    </ClInclude>
    <ClInclude Include="options\PageSettings.h">
      <Filter>Header Files</Filter>
    </ClInclude>
    <ClInclude Include="launchers\DebugCodeProcess.h">
      <Filter>Header Files</Filter>
    </ClInclude>
    <ClInclude Include="debugger\unmanaged\DebuggerLoop.h">
      <Filter>Header Files</Filter>
    </ClInclude>
    <ClInclude Include="debugger\Debugger.h">
      <Filter>Header Files</Filter>
    </ClInclude>
    <ClInclude Include="debugger\unmanaged\Breakpoint.h">
      <Filter>Header Files</Filter>
    </ClInclude>
    <ClInclude Include="debugger\unmanaged\Thread.h">
      <Filter>Header Files</Filter>
    </ClInclude>
    <ClInclude Include="debugger\unmanaged\btheaders\BTProcessEntry.h">
      <Filter>Header Files</Filter>
    </ClInclude>
    <ClInclude Include="debugger\unmanaged\btheaders\BTProcessMemoryInfo.h">
      <Filter>Header Files</Filter>
    </ClInclude>
    <ClInclude Include="debugger\unmanaged\MemoryReader.h">
      <Filter>Header Files</Filter>
    </ClInclude>
    <ClInclude Include="helpers\CodeContextConverter.h">
      <Filter>Header Files</Filter>
    </ClInclude>
    <ClInclude Include="helpers\ui\uiMenuButtonGenerator.h">
      <Filter>Header Files</Filter>
    </ClInclude>
    <ClInclude Include="options\OptionField.h">
      <Filter>Header Files</Filter>
    </ClInclude>
    <ClInclude Include="options\OptionFieldEditor.h">
      <Filter>Header Files</Filter>
    </ClInclude>
    <ClInclude Include="debugger\unmanaged\btheaders\DebugTimeException.h">
      <Filter>Header Files</Filter>
    </ClInclude>
    <ClInclude Include="helpers\CodeLoopBinder.h">
      <Filter>Header Files</Filter>
    </ClInclude>
    <ClInclude Include="debugger\MemoryCellPrinter.h">
      <Filter>Header Files</Filter>
    </ClInclude>
    <ClInclude Include="debugger\TreeViewExpander.h">
      <Filter>Header Files</Filter>
    </ClInclude>
    <ClInclude Include="debugger\DebugTreeViewExpander.h">
      <Filter>Header Files</Filter>
    </ClInclude>
    <ClInclude Include="helpers\ui\uiBevel.h">
      <Filter>Header Files</Filter>
    </ClInclude>
    <ClInclude Include="debugger\unmanaged\StackReader.h">
      <Filter>Header Files</Filter>
    </ClInclude>
    <ClInclude Include="debugger\unmanaged\ThreadInfoReader.h">
      <Filter>Header Files</Filter>
    </ClInclude>
    <ClInclude Include="helpers\FileSizeConverter.h">
      <Filter>Header Files</Filter>
    </ClInclude>
    <ClInclude Include="plugins\PluginInterface.h">
      <Filter>Header Files</Filter>
    </ClInclude>
    <ClInclude Include="plugins\PluginManager.h">
      <Filter>Header Files</Filter>
    </ClInclude>
    <ClInclude Include="plugins\Plugin.h">
      <Filter>Header Files</Filter>
    </ClInclude>
    <ClInclude Include="plugins\PragmaResolver.h">
      <Filter>Header Files</Filter>
    </ClInclude>
    <ClInclude Include="options\OptionFieldPlugins.h">
      <Filter>Header Files</Filter>
    </ClInclude>
    <ClInclude Include="helpers\ui\uiMenuRadioButtonGenerator.h">
      <Filter>Header Files</Filter>
    </ClInclude>
    <ClInclude Include="options\Language.h">
      <Filter>Header Files</Filter>
    </ClInclude>
    <ClInclude Include="helpers\ui\uiTooltip.h">
      <Filter>Header Files</Filter>
    </ClInclude>
    <ClInclude Include="options\OptionFieldInterpreter.h">
      <Filter>Header Files</Filter>
    </ClInclude>
    <ClInclude Include="FormInsert.h">
      <Filter>Header Files</Filter>
    </ClInclude>
    <ClInclude Include="FormProtip.h">
      <Filter>Header Files</Filter>
    </ClInclude>
    <ClInclude Include="FormTrap.h">
      <Filter>Header Files</Filter>
    </ClInclude>
    <ClInclude Include="helpers\BtOutputGenerator.h">
      <Filter>Header Files</Filter>
    </ClInclude>
    <ClInclude Include="helpers\BtConstantsGenerator.h">
      <Filter>Header Files</Filter>
    </ClInclude>
    <ClInclude Include="launchers\PragmaResolvingProcess.h">
      <Filter>Header Files</Filter>
    </ClInclude>
    <ClInclude Include="launchers\BasicProcess.h">
      <Filter>Header Files</Filter>
    </ClInclude>
    <ClInclude Include="launchers\IDEInitProcess.h">
      <Filter>Header Files</Filter>
    </ClInclude>
    <ClInclude Include="helpers\ui\uiGridCellBlinker.h">
      <Filter>Header Files</Filter>
    </ClInclude>
    <ClInclude Include="launchers\ui\DelayedTask.h">
      <Filter>Header Files</Filter>
    </ClInclude>
    <ClInclude Include="launchers\ui\uiControlDisabler.h">
      <Filter>Header Files</Filter>
    </ClInclude>
    <ClInclude Include="WorkContext.h">
      <Filter>Header Files</Filter>
    </ClInclude>
    <ClInclude Include="debugger\unmanaged\FunctionReader.h">
      <Filter>Header Files</Filter>
    </ClInclude>
    <ClInclude Include="debugger\ThreadMonitor.h">
      <Filter>Header Files</Filter>
    </ClInclude>
    <ClInclude Include="debugger\ThreadState.h">
      <Filter>Header Files</Filter>
    </ClInclude>
    <ClInclude Include="file_io\ProtectedFileContext.h">
      <Filter>Header Files</Filter>
    </ClInclude>
  </ItemGroup>
  <ItemGroup>
    <ResourceCompile Include="app.rc">
      <Filter>Resource Files</Filter>
    </ResourceCompile>
  </ItemGroup>
  <ItemGroup>
    <EmbeddedResource Include="FormMain.resX">
      <Filter>Resource Files</Filter>
    </EmbeddedResource>
    <EmbeddedResource Include="FormOptions.resx">
      <Filter>Resource Files</Filter>
    </EmbeddedResource>
    <EmbeddedResource Include="FormInsert.resx">
      <Filter>Resource Files</Filter>
    </EmbeddedResource>
    <EmbeddedResource Include="FormProtip.resx">
      <Filter>Resource Files</Filter>
    </EmbeddedResource>
    <EmbeddedResource Include="FormTrap.resx">
      <Filter>Resource Files</Filter>
    </EmbeddedResource>
  </ItemGroup>
</Project>